
Microsoft Visual Studio Solution File, Format Version 12.00
# Visual Studio 14
VisualStudioVersion = 14.0.24720.0
MinimumVisualStudioVersion = 10.0.40219.1
Project("{FAE04EC0-301F-11D3-BF4B-00C04F79EFBC}") = "Calculator", "Calculator\Calculator.csproj", "{FFAE2BD4-A53A-438D-90E9-8BDFF51453F4}"
EndProject
Project("{FAE04EC0-301F-11D3-BF4B-00C04F79EFBC}") = "SimpleApplication", "SimpleApplication\SimpleApplication.csproj", "{066357F4-4452-4869-B7DB-67BE6C7D72CF}"
EndProject
Global
	GlobalSection(SolutionConfigurationPlatforms) = preSolution
		Debug|Any CPU = Debug|Any CPU
		Release|Any CPU = Release|Any CPU
	EndGlobalSection
	GlobalSection(ProjectConfigurationPlatforms) = postSolution
		{FFAE2BD4-A53A-438D-90E9-8BDFF51453F4}.Debug|Any CPU.ActiveCfg = Debug|Any CPU
		{FFAE2BD4-A53A-438D-90E9-8BDFF51453F4}.Debug|Any CPU.Build.0 = Debug|Any CPU
		{FFAE2BD4-A53A-438D-90E9-8BDFF51453F4}.Release|Any CPU.ActiveCfg = Release|Any CPU
		{FFAE2BD4-A53A-438D-90E9-8BDFF51453F4}.Release|Any CPU.Build.0 = Release|Any CPU
		{066357F4-4452-4869-B7DB-67BE6C7D72CF}.Debug|Any CPU.ActiveCfg = Debug|Any CPU
		{066357F4-4452-4869-B7DB-67BE6C7D72CF}.Debug|Any CPU.Build.0 = Debug|Any CPU
		{066357F4-4452-4869-B7DB-67BE6C7D72CF}.Release|Any CPU.ActiveCfg = Release|Any CPU
		{066357F4-4452-4869-B7DB-67BE6C7D72CF}.Release|Any CPU.Build.0 = Release|Any CPU
	EndGlobalSection
	GlobalSection(SolutionProperties) = preSolution
		HideSolutionNode = FALSE
	EndGlobalSection
EndGlobal
