
Microsoft Visual Studio Solution File, Format Version 12.00
# Visual Studio 14
VisualStudioVersion = 14.0.23107.0
MinimumVisualStudioVersion = 10.0.40219.1
Project("{FAE04EC0-301F-11D3-BF4B-00C04F79EFBC}") = "01. Task1", "01. Task1\01. Task1.csproj", "{97A4FC06-426B-4811-8829-EE3C2673CB8B}"
EndProject
Project("{FAE04EC0-301F-11D3-BF4B-00C04F79EFBC}") = "02. Task2", "02. Task2\02. Task2.csproj", "{A979C91B-463A-4B22-AE97-FA2C14C22C3E}"
EndProject
Project("{FAE04EC0-301F-11D3-BF4B-00C04F79EFBC}") = "03. Task3", "03. Task3\03. Task3.csproj", "{9E4AEDB7-C66A-424C-A1DB-FBB60A9A4A06}"
EndProject
Project("{FAE04EC0-301F-11D3-BF4B-00C04F79EFBC}") = "04. Task4", "04. Task4\04. Task4.csproj", "{F20C5AF6-72FA-4B67-B8EE-2D2F9AE69A7F}"
EndProject
Project("{FAE04EC0-301F-11D3-BF4B-00C04F79EFBC}") = "HashTable.test", "HashTable.test\HashTable.test.csproj", "{0E99990C-0286-45C2-BDCB-34FFD9CE5DC1}"
EndProject
Global
	GlobalSection(SolutionConfigurationPlatforms) = preSolution
		Debug|Any CPU = Debug|Any CPU
		Release|Any CPU = Release|Any CPU
	EndGlobalSection
	GlobalSection(ProjectConfigurationPlatforms) = postSolution
		{97A4FC06-426B-4811-8829-EE3C2673CB8B}.Debug|Any CPU.ActiveCfg = Debug|Any CPU
		{97A4FC06-426B-4811-8829-EE3C2673CB8B}.Debug|Any CPU.Build.0 = Debug|Any CPU
		{97A4FC06-426B-4811-8829-EE3C2673CB8B}.Release|Any CPU.ActiveCfg = Release|Any CPU
		{97A4FC06-426B-4811-8829-EE3C2673CB8B}.Release|Any CPU.Build.0 = Release|Any CPU
		{A979C91B-463A-4B22-AE97-FA2C14C22C3E}.Debug|Any CPU.ActiveCfg = Debug|Any CPU
		{A979C91B-463A-4B22-AE97-FA2C14C22C3E}.Debug|Any CPU.Build.0 = Debug|Any CPU
		{A979C91B-463A-4B22-AE97-FA2C14C22C3E}.Release|Any CPU.ActiveCfg = Release|Any CPU
		{A979C91B-463A-4B22-AE97-FA2C14C22C3E}.Release|Any CPU.Build.0 = Release|Any CPU
		{9E4AEDB7-C66A-424C-A1DB-FBB60A9A4A06}.Debug|Any CPU.ActiveCfg = Debug|Any CPU
		{9E4AEDB7-C66A-424C-A1DB-FBB60A9A4A06}.Debug|Any CPU.Build.0 = Debug|Any CPU
		{9E4AEDB7-C66A-424C-A1DB-FBB60A9A4A06}.Release|Any CPU.ActiveCfg = Release|Any CPU
		{9E4AEDB7-C66A-424C-A1DB-FBB60A9A4A06}.Release|Any CPU.Build.0 = Release|Any CPU
		{F20C5AF6-72FA-4B67-B8EE-2D2F9AE69A7F}.Debug|Any CPU.ActiveCfg = Debug|Any CPU
		{F20C5AF6-72FA-4B67-B8EE-2D2F9AE69A7F}.Debug|Any CPU.Build.0 = Debug|Any CPU
		{F20C5AF6-72FA-4B67-B8EE-2D2F9AE69A7F}.Release|Any CPU.ActiveCfg = Release|Any CPU
		{F20C5AF6-72FA-4B67-B8EE-2D2F9AE69A7F}.Release|Any CPU.Build.0 = Release|Any CPU
		{0E99990C-0286-45C2-BDCB-34FFD9CE5DC1}.Debug|Any CPU.ActiveCfg = Debug|Any CPU
		{0E99990C-0286-45C2-BDCB-34FFD9CE5DC1}.Debug|Any CPU.Build.0 = Debug|Any CPU
		{0E99990C-0286-45C2-BDCB-34FFD9CE5DC1}.Release|Any CPU.ActiveCfg = Release|Any CPU
		{0E99990C-0286-45C2-BDCB-34FFD9CE5DC1}.Release|Any CPU.Build.0 = Release|Any CPU
	EndGlobalSection
	GlobalSection(SolutionProperties) = preSolution
		HideSolutionNode = FALSE
	EndGlobalSection
EndGlobal
