
Microsoft Visual Studio Solution File, Format Version 12.00
# Visual Studio 14
VisualStudioVersion = 14.0.23107.0
MinimumVisualStudioVersion = 10.0.40219.1
Project("{FAE04EC0-301F-11D3-BF4B-00C04F79EFBC}") = "01. Task1", "01. Task1\01. Task1.csproj", "{FEDC50F9-3060-49F7-9C57-E8696753EE75}"
EndProject
Project("{FAE04EC0-301F-11D3-BF4B-00C04F79EFBC}") = "02. Task2", "02. Task2\02. Task2.csproj", "{0D15DDB7-15F9-4C11-A1C1-190786039E80}"
EndProject
Project("{FAE04EC0-301F-11D3-BF4B-00C04F79EFBC}") = "03. Task3", "03. Task3\03. Task3.csproj", "{0A5526C1-E16F-41A3-B7A3-9C45CF7EB318}"
EndProject
Project("{FAE04EC0-301F-11D3-BF4B-00C04F79EFBC}") = "04. EqualNumbers", "EqualNumbers\04. EqualNumbers.csproj", "{EFEF34EE-5385-4949-99AF-30416FD08A6A}"
EndProject
Project("{FAE04EC0-301F-11D3-BF4B-00C04F79EFBC}") = "04. EqualNumbers.Test", "EqualNumbers.Test\04. EqualNumbers.Test.csproj", "{3F98ED8D-BEFE-4DE5-B6F2-14D557F6BE9D}"
EndProject
Project("{FAE04EC0-301F-11D3-BF4B-00C04F79EFBC}") = "05. Task5", "05. Task5\05. Task5.csproj", "{46C584D4-9CDF-4282-B0EE-F4C10FF33BFC}"
EndProject
Project("{FAE04EC0-301F-11D3-BF4B-00C04F79EFBC}") = "06. Task6", "06. Task6\06. Task6.csproj", "{35712C3F-DB54-4018-B721-99D94136A957}"
EndProject
Project("{FAE04EC0-301F-11D3-BF4B-00C04F79EFBC}") = "07. Task7", "07. Task7\07. Task7.csproj", "{E514C05C-2DB3-491D-B2F6-331730B38DD7}"
EndProject
Project("{FAE04EC0-301F-11D3-BF4B-00C04F79EFBC}") = "08. Task8", "08. Task8\08. Task8.csproj", "{118A52E4-DDE9-4C78-ABC8-1E47677167CF}"
EndProject
Project("{FAE04EC0-301F-11D3-BF4B-00C04F79EFBC}") = "09. Task9", "09. Task9\09. Task9.csproj", "{6447E06E-51E3-487D-A2DD-BCA9E24906D5}"
EndProject
Project("{FAE04EC0-301F-11D3-BF4B-00C04F79EFBC}") = "10. Task10", "10. Task10\10. Task10.csproj", "{5EF82BF0-F6D7-4ED2-BF80-D9049CAD2CC2}"
EndProject
Project("{FAE04EC0-301F-11D3-BF4B-00C04F79EFBC}") = "11. Taks11", "11. Taks11\11. Taks11.csproj", "{7257024C-B3F9-487C-9813-494A24C19B24}"
EndProject
Project("{FAE04EC0-301F-11D3-BF4B-00C04F79EFBC}") = "12. Task12", "12. Task12\12. Task12.csproj", "{4C0860D5-B726-4C08-B1A3-89CCD5D47C98}"
EndProject
Project("{FAE04EC0-301F-11D3-BF4B-00C04F79EFBC}") = "13. Task13", "13. Task13\13. Task13.csproj", "{B4D2646D-B850-4B1B-AC39-9D0FEAB0E64F}"
EndProject
Global
	GlobalSection(SolutionConfigurationPlatforms) = preSolution
		Debug|Any CPU = Debug|Any CPU
		Release|Any CPU = Release|Any CPU
	EndGlobalSection
	GlobalSection(ProjectConfigurationPlatforms) = postSolution
		{FEDC50F9-3060-49F7-9C57-E8696753EE75}.Debug|Any CPU.ActiveCfg = Debug|Any CPU
		{FEDC50F9-3060-49F7-9C57-E8696753EE75}.Debug|Any CPU.Build.0 = Debug|Any CPU
		{FEDC50F9-3060-49F7-9C57-E8696753EE75}.Release|Any CPU.ActiveCfg = Release|Any CPU
		{FEDC50F9-3060-49F7-9C57-E8696753EE75}.Release|Any CPU.Build.0 = Release|Any CPU
		{0D15DDB7-15F9-4C11-A1C1-190786039E80}.Debug|Any CPU.ActiveCfg = Debug|Any CPU
		{0D15DDB7-15F9-4C11-A1C1-190786039E80}.Debug|Any CPU.Build.0 = Debug|Any CPU
		{0D15DDB7-15F9-4C11-A1C1-190786039E80}.Release|Any CPU.ActiveCfg = Release|Any CPU
		{0D15DDB7-15F9-4C11-A1C1-190786039E80}.Release|Any CPU.Build.0 = Release|Any CPU
		{0A5526C1-E16F-41A3-B7A3-9C45CF7EB318}.Debug|Any CPU.ActiveCfg = Debug|Any CPU
		{0A5526C1-E16F-41A3-B7A3-9C45CF7EB318}.Debug|Any CPU.Build.0 = Debug|Any CPU
		{0A5526C1-E16F-41A3-B7A3-9C45CF7EB318}.Release|Any CPU.ActiveCfg = Release|Any CPU
		{0A5526C1-E16F-41A3-B7A3-9C45CF7EB318}.Release|Any CPU.Build.0 = Release|Any CPU
		{EFEF34EE-5385-4949-99AF-30416FD08A6A}.Debug|Any CPU.ActiveCfg = Debug|Any CPU
		{EFEF34EE-5385-4949-99AF-30416FD08A6A}.Debug|Any CPU.Build.0 = Debug|Any CPU
		{EFEF34EE-5385-4949-99AF-30416FD08A6A}.Release|Any CPU.ActiveCfg = Release|Any CPU
		{EFEF34EE-5385-4949-99AF-30416FD08A6A}.Release|Any CPU.Build.0 = Release|Any CPU
		{3F98ED8D-BEFE-4DE5-B6F2-14D557F6BE9D}.Debug|Any CPU.ActiveCfg = Debug|Any CPU
		{3F98ED8D-BEFE-4DE5-B6F2-14D557F6BE9D}.Debug|Any CPU.Build.0 = Debug|Any CPU
		{3F98ED8D-BEFE-4DE5-B6F2-14D557F6BE9D}.Release|Any CPU.ActiveCfg = Release|Any CPU
		{3F98ED8D-BEFE-4DE5-B6F2-14D557F6BE9D}.Release|Any CPU.Build.0 = Release|Any CPU
		{46C584D4-9CDF-4282-B0EE-F4C10FF33BFC}.Debug|Any CPU.ActiveCfg = Debug|Any CPU
		{46C584D4-9CDF-4282-B0EE-F4C10FF33BFC}.Debug|Any CPU.Build.0 = Debug|Any CPU
		{46C584D4-9CDF-4282-B0EE-F4C10FF33BFC}.Release|Any CPU.ActiveCfg = Release|Any CPU
		{46C584D4-9CDF-4282-B0EE-F4C10FF33BFC}.Release|Any CPU.Build.0 = Release|Any CPU
		{35712C3F-DB54-4018-B721-99D94136A957}.Debug|Any CPU.ActiveCfg = Debug|Any CPU
		{35712C3F-DB54-4018-B721-99D94136A957}.Debug|Any CPU.Build.0 = Debug|Any CPU
		{35712C3F-DB54-4018-B721-99D94136A957}.Release|Any CPU.ActiveCfg = Release|Any CPU
		{35712C3F-DB54-4018-B721-99D94136A957}.Release|Any CPU.Build.0 = Release|Any CPU
		{E514C05C-2DB3-491D-B2F6-331730B38DD7}.Debug|Any CPU.ActiveCfg = Debug|Any CPU
		{E514C05C-2DB3-491D-B2F6-331730B38DD7}.Debug|Any CPU.Build.0 = Debug|Any CPU
		{E514C05C-2DB3-491D-B2F6-331730B38DD7}.Release|Any CPU.ActiveCfg = Release|Any CPU
		{E514C05C-2DB3-491D-B2F6-331730B38DD7}.Release|Any CPU.Build.0 = Release|Any CPU
		{118A52E4-DDE9-4C78-ABC8-1E47677167CF}.Debug|Any CPU.ActiveCfg = Debug|Any CPU
		{118A52E4-DDE9-4C78-ABC8-1E47677167CF}.Debug|Any CPU.Build.0 = Debug|Any CPU
		{118A52E4-DDE9-4C78-ABC8-1E47677167CF}.Release|Any CPU.ActiveCfg = Release|Any CPU
		{118A52E4-DDE9-4C78-ABC8-1E47677167CF}.Release|Any CPU.Build.0 = Release|Any CPU
		{6447E06E-51E3-487D-A2DD-BCA9E24906D5}.Debug|Any CPU.ActiveCfg = Debug|Any CPU
		{6447E06E-51E3-487D-A2DD-BCA9E24906D5}.Debug|Any CPU.Build.0 = Debug|Any CPU
		{6447E06E-51E3-487D-A2DD-BCA9E24906D5}.Release|Any CPU.ActiveCfg = Release|Any CPU
		{6447E06E-51E3-487D-A2DD-BCA9E24906D5}.Release|Any CPU.Build.0 = Release|Any CPU
		{5EF82BF0-F6D7-4ED2-BF80-D9049CAD2CC2}.Debug|Any CPU.ActiveCfg = Debug|Any CPU
		{5EF82BF0-F6D7-4ED2-BF80-D9049CAD2CC2}.Debug|Any CPU.Build.0 = Debug|Any CPU
		{5EF82BF0-F6D7-4ED2-BF80-D9049CAD2CC2}.Release|Any CPU.ActiveCfg = Release|Any CPU
		{5EF82BF0-F6D7-4ED2-BF80-D9049CAD2CC2}.Release|Any CPU.Build.0 = Release|Any CPU
		{7257024C-B3F9-487C-9813-494A24C19B24}.Debug|Any CPU.ActiveCfg = Debug|Any CPU
		{7257024C-B3F9-487C-9813-494A24C19B24}.Debug|Any CPU.Build.0 = Debug|Any CPU
		{7257024C-B3F9-487C-9813-494A24C19B24}.Release|Any CPU.ActiveCfg = Release|Any CPU
		{7257024C-B3F9-487C-9813-494A24C19B24}.Release|Any CPU.Build.0 = Release|Any CPU
		{4C0860D5-B726-4C08-B1A3-89CCD5D47C98}.Debug|Any CPU.ActiveCfg = Debug|Any CPU
		{4C0860D5-B726-4C08-B1A3-89CCD5D47C98}.Debug|Any CPU.Build.0 = Debug|Any CPU
		{4C0860D5-B726-4C08-B1A3-89CCD5D47C98}.Release|Any CPU.ActiveCfg = Release|Any CPU
		{4C0860D5-B726-4C08-B1A3-89CCD5D47C98}.Release|Any CPU.Build.0 = Release|Any CPU
		{B4D2646D-B850-4B1B-AC39-9D0FEAB0E64F}.Debug|Any CPU.ActiveCfg = Debug|Any CPU
		{B4D2646D-B850-4B1B-AC39-9D0FEAB0E64F}.Debug|Any CPU.Build.0 = Debug|Any CPU
		{B4D2646D-B850-4B1B-AC39-9D0FEAB0E64F}.Release|Any CPU.ActiveCfg = Release|Any CPU
		{B4D2646D-B850-4B1B-AC39-9D0FEAB0E64F}.Release|Any CPU.Build.0 = Release|Any CPU
	EndGlobalSection
	GlobalSection(SolutionProperties) = preSolution
		HideSolutionNode = FALSE
	EndGlobalSection
EndGlobal
